<Solution>
  <Folder Name="/Solution Items/">
    <File Path="Directory.Build.props" />
  </Folder>
  <Folder Name="/src/">
    <Project Path="src/FreshWin.Backup/FreshWin.Backup.csproj" />
    <Project Path="src/FreshWin.Cli/FreshWin.Cli.csproj" />
    <Project Path="src/FreshWin.Deployment/FreshWin.Deployment.csproj" />
  </Folder>
</Solution>
